
Microsoft Visual Studio Solution File, Format Version 12.00
# Visual Studio Version 16
VisualStudioVersion = 16.0.32901.82
MinimumVisualStudioVersion = 10.0.40219.1
Project("{FAE04EC0-301F-11D3-BF4B-00C04F79EFBC}") = "eTickets", "eTickets\eTickets.csproj", "{B22E4468-ECAC-4B05-A51D-0B139CECEFDA}"
EndProject
Global
	GlobalSection(SolutionConfigurationPlatforms) = preSolution
		Debug|Any CPU = Debug|Any CPU
		Release|Any CPU = Release|Any CPU
	EndGlobalSection
	GlobalSection(ProjectConfigurationPlatforms) = postSolution
		{B22E4468-ECAC-4B05-A51D-0B139CECEFDA}.Debug|Any CPU.ActiveCfg = Debug|Any CPU
		{B22E4468-ECAC-4B05-A51D-0B139CECEFDA}.Debug|Any CPU.Build.0 = Debug|Any CPU
		{B22E4468-ECAC-4B05-A51D-0B139CECEFDA}.Release|Any CPU.ActiveCfg = Release|Any CPU
		{B22E4468-ECAC-4B05-A51D-0B139CECEFDA}.Release|Any CPU.Build.0 = Release|Any CPU
	EndGlobalSection
	GlobalSection(SolutionProperties) = preSolution
		HideSolutionNode = FALSE
	EndGlobalSection
	GlobalSection(ExtensibilityGlobals) = postSolution
		SolutionGuid = {F4150C7E-BDBC-4092-9CF8-DDE0A74B02D7}
	EndGlobalSection
EndGlobal
